
Microsoft Visual Studio Solution File, Format Version 12.00
# Visual Studio 2012
Project("{FAE04EC0-301F-11D3-BF4B-00C04F79EFBC}") = "WoWRegeneration", "WoWRegeneration\WoWRegeneration.csproj", "{D660BE4D-54F4-4AA7-8505-4949E1F4AEEB}"
EndProject
Global
	GlobalSection(SolutionConfigurationPlatforms) = preSolution
		Debug|Any CPU = Debug|Any CPU
		Release|Any CPU = Release|Any CPU
	EndGlobalSection
	GlobalSection(ProjectConfigurationPlatforms) = postSolution
		{D660BE4D-54F4-4AA7-8505-4949E1F4AEEB}.Debug|Any CPU.ActiveCfg = Debug|Any CPU
		{D660BE4D-54F4-4AA7-8505-4949E1F4AEEB}.Debug|Any CPU.Build.0 = Debug|Any CPU
		{D660BE4D-54F4-4AA7-8505-4949E1F4AEEB}.Release|Any CPU.ActiveCfg = Release|Any CPU
		{D660BE4D-54F4-4AA7-8505-4949E1F4AEEB}.Release|Any CPU.Build.0 = Release|Any CPU
	EndGlobalSection
	GlobalSection(SolutionProperties) = preSolution
		HideSolutionNode = FALSE
	EndGlobalSection
EndGlobal
